
Microsoft Visual Studio Solution File, Format Version 12.00
# Visual Studio Version 17
VisualStudioVersion = 17.4.33403.182
MinimumVisualStudioVersion = 10.0.40219.1
Project("{FAE04EC0-301F-11D3-BF4B-00C04F79EFBC}") = "ETickets", "ETickets.csproj", "{AFE0A1C9-23E9-49DB-BBC6-B4C11DDB1BED}"
EndProject
Global
	GlobalSection(SolutionConfigurationPlatforms) = preSolution
		Debug|Any CPU = Debug|Any CPU
		Release|Any CPU = Release|Any CPU
	EndGlobalSection
	GlobalSection(ProjectConfigurationPlatforms) = postSolution
		{AFE0A1C9-23E9-49DB-BBC6-B4C11DDB1BED}.Debug|Any CPU.ActiveCfg = Debug|Any CPU
		{AFE0A1C9-23E9-49DB-BBC6-B4C11DDB1BED}.Debug|Any CPU.Build.0 = Debug|Any CPU
		{AFE0A1C9-23E9-49DB-BBC6-B4C11DDB1BED}.Release|Any CPU.ActiveCfg = Release|Any CPU
		{AFE0A1C9-23E9-49DB-BBC6-B4C11DDB1BED}.Release|Any CPU.Build.0 = Release|Any CPU
	EndGlobalSection
	GlobalSection(SolutionProperties) = preSolution
		HideSolutionNode = FALSE
	EndGlobalSection
	GlobalSection(ExtensibilityGlobals) = postSolution
		SolutionGuid = {316AC980-C696-4FE1-9770-E480ED1FE28C}
	EndGlobalSection
EndGlobal
